// !$*UTF8*$!
{
	archiveVersion = 1;
	classes = {
	};
	objectVersion = 55;
	objects = {

/* Begin PBXBuildFile section */
		84525CB727FDB7C7007F8D02 /* VideoFilterExporter.swift in Sources */ = {isa = PBXBuildFile; fileRef = 84525CB427FDB7C7007F8D02 /* VideoFilterExporter.swift */; };
		84525CB827FDB7C7007F8D02 /* VideoFilterCompositionInstruction.swift in Sources */ = {isa = PBXBuildFile; fileRef = 84525CB527FDB7C7007F8D02 /* VideoFilterCompositionInstruction.swift */; };
		84525CB927FDB7C7007F8D02 /* VideoFilterCompositor.swift in Sources */ = {isa = PBXBuildFile; fileRef = 84525CB627FDB7C7007F8D02 /* VideoFilterCompositor.swift */; };
		84525CBB27FE0617007F8D02 /* Azaan.mov in Resources */ = {isa = PBXBuildFile; fileRef = 84525CBA27FE0617007F8D02 /* Azaan.mov */; };
		84C1512B27FC063400E66EF2 /* AppDelegate.swift in Sources */ = {isa = PBXBuildFile; fileRef = 84C1512A27FC063400E66EF2 /* AppDelegate.swift */; };
		84C1512D27FC063400E66EF2 /* SceneDelegate.swift in Sources */ = {isa = PBXBuildFile; fileRef = 84C1512C27FC063400E66EF2 /* SceneDelegate.swift */; };
		84C1512F27FC063400E66EF2 /* ViewController.swift in Sources */ = {isa = PBXBuildFile; fileRef = 84C1512E27FC063400E66EF2 /* ViewController.swift */; };
		84C1513227FC063400E66EF2 /* Main.storyboard in Resources */ = {isa = PBXBuildFile; fileRef = 84C1513027FC063400E66EF2 /* Main.storyboard */; };
		84C1513427FC063500E66EF2 /* Assets.xcassets in Resources */ = {isa = PBXBuildFile; fileRef = 84C1513327FC063500E66EF2 /* Assets.xcassets */; };
		84C1513727FC063500E66EF2 /* LaunchScreen.storyboard in Resources */ = {isa = PBXBuildFile; fileRef = 84C1513527FC063500E66EF2 /* LaunchScreen.storyboard */; };
		84C1514127FC286A00E66EF2 /* VideoHelper.swift in Sources */ = {isa = PBXBuildFile; fileRef = 84C1514027FC286A00E66EF2 /* VideoHelper.swift */; };
/* End PBXBuildFile section */

/* Begin PBXFileReference section */
		84525CB427FDB7C7007F8D02 /* VideoFilterExporter.swift */ = {isa = PBXFileReference; fileEncoding = 4; lastKnownFileType = sourcecode.swift; path = VideoFilterExporter.swift; sourceTree = "<group>"; };
		84525CB527FDB7C7007F8D02 /* VideoFilterCompositionInstruction.swift */ = {isa = PBXFileReference; fileEncoding = 4; lastKnownFileType = sourcecode.swift; path = VideoFilterCompositionInstruction.swift; sourceTree = "<group>"; };
		84525CB627FDB7C7007F8D02 /* VideoFilterCompositor.swift */ = {isa = PBXFileReference; fileEncoding = 4; lastKnownFileType = sourcecode.swift; path = VideoFilterCompositor.swift; sourceTree = "<group>"; };
		84525CBA27FE0617007F8D02 /* Azaan.mov */ = {isa = PBXFileReference; lastKnownFileType = video.quicktime; path = Azaan.mov; sourceTree = "<group>"; };
		84C1512727FC063400E66EF2 /* FiltersDemo.app */ = {isa = PBXFileReference; explicitFileType = wrapper.application; includeInIndex = 0; path = FiltersDemo.app; sourceTree = BUILT_PRODUCTS_DIR; };
		84C1512A27FC063400E66EF2 /* AppDelegate.swift */ = {isa = PBXFileReference; lastKnownFileType = sourcecode.swift; path = AppDelegate.swift; sourceTree = "<group>"; };
		84C1512C27FC063400E66EF2 /* SceneDelegate.swift */ = {isa = PBXFileReference; lastKnownFileType = sourcecode.swift; path = SceneDelegate.swift; sourceTree = "<group>"; };
		84C1512E27FC063400E66EF2 /* ViewController.swift */ = {isa = PBXFileReference; lastKnownFileType = sourcecode.swift; path = ViewController.swift; sourceTree = "<group>"; };
		84C1513127FC063400E66EF2 /* Base */ = {isa = PBXFileReference; lastKnownFileType = file.storyboard; name = Base; path = Base.lproj/Main.storyboard; sourceTree = "<group>"; };
		84C1513327FC063500E66EF2 /* Assets.xcassets */ = {isa = PBXFileReference; lastKnownFileType = folder.assetcatalog; path = Assets.xcassets; sourceTree = "<group>"; };
		84C1513627FC063500E66EF2 /* Base */ = {isa = PBXFileReference; lastKnownFileType = file.storyboard; name = Base; path = Base.lproj/LaunchScreen.storyboard; sourceTree = "<group>"; };
		84C1513827FC063500E66EF2 /* Info.plist */ = {isa = PBXFileReference; lastKnownFileType = text.plist.xml; path = Info.plist; sourceTree = "<group>"; };
		84C1514027FC286A00E66EF2 /* VideoHelper.swift */ = {isa = PBXFileReference; fileEncoding = 4; lastKnownFileType = sourcecode.swift; path = VideoHelper.swift; sourceTree = "<group>"; };
/* End PBXFileReference section */

/* Begin PBXFrameworksBuildPhase section */
		84C1512427FC063400E66EF2 /* Frameworks */ = {
			isa = PBXFrameworksBuildPhase;
			buildActionMask = 2147483647;
			files = (
			);
			runOnlyForDeploymentPostprocessing = 0;
		};
/* End PBXFrameworksBuildPhase section */

/* Begin PBXGroup section */
		84C1511E27FC063400E66EF2 = {
			isa = PBXGroup;
			children = (
				84C1512927FC063400E66EF2 /* FiltersDemo */,
				84C1512827FC063400E66EF2 /* Products */,
			);
			sourceTree = "<group>";
		};
		84C1512827FC063400E66EF2 /* Products */ = {
			isa = PBXGroup;
			children = (
				84C1512727FC063400E66EF2 /* FiltersDemo.app */,
			);
			name = Products;
			sourceTree = "<group>";
		};
		84C1512927FC063400E66EF2 /* FiltersDemo */ = {
			isa = PBXGroup;
			children = (
				84525CBA27FE0617007F8D02 /* Azaan.mov */,
				84525CB527FDB7C7007F8D02 /* VideoFilterCompositionInstruction.swift */,
				84525CB627FDB7C7007F8D02 /* VideoFilterCompositor.swift */,
				84525CB427FDB7C7007F8D02 /* VideoFilterExporter.swift */,
				84C1512A27FC063400E66EF2 /* AppDelegate.swift */,
				84C1514027FC286A00E66EF2 /* VideoHelper.swift */,
				84C1512C27FC063400E66EF2 /* SceneDelegate.swift */,
				84C1512E27FC063400E66EF2 /* ViewController.swift */,
				84C1513027FC063400E66EF2 /* Main.storyboard */,
				84C1513327FC063500E66EF2 /* Assets.xcassets */,
				84C1513527FC063500E66EF2 /* LaunchScreen.storyboard */,
				84C1513827FC063500E66EF2 /* Info.plist */,
			);
			path = FiltersDemo;
			sourceTree = "<group>";
		};
/* End PBXGroup section */

/* Begin PBXNativeTarget section */
		84C1512627FC063400E66EF2 /* FiltersDemo */ = {
			isa = PBXNativeTarget;
			buildConfigurationList = 84C1513B27FC063500E66EF2 /* Build configuration list for PBXNativeTarget "FiltersDemo" */;
			buildPhases = (
				84C1512327FC063400E66EF2 /* Sources */,
				84C1512427FC063400E66EF2 /* Frameworks */,
				84C1512527FC063400E66EF2 /* Resources */,
			);
			buildRules = (
			);
			dependencies = (
			);
			name = FiltersDemo;
			productName = FiltersDemo;
			productReference = 84C1512727FC063400E66EF2 /* FiltersDemo.app */;
			productType = "com.apple.product-type.application";
		};
/* End PBXNativeTarget section */

/* Begin PBXProject section */
		84C1511F27FC063400E66EF2 /* Project object */ = {
			isa = PBXProject;
			attributes = {
				BuildIndependentTargetsInParallel = 1;
				LastSwiftUpdateCheck = 1320;
				LastUpgradeCheck = 1320;
				TargetAttributes = {
					84C1512627FC063400E66EF2 = {
						CreatedOnToolsVersion = 13.2.1;
					};
				};
			};
			buildConfigurationList = 84C1512227FC063400E66EF2 /* Build configuration list for PBXProject "FiltersDemo" */;
			compatibilityVersion = "Xcode 13.0";
			developmentRegion = en;
			hasScannedForEncodings = 0;
			knownRegions = (
				en,
				Base,
			);
			mainGroup = 84C1511E27FC063400E66EF2;
			productRefGroup = 84C1512827FC063400E66EF2 /* Products */;
			projectDirPath = "";
			projectRoot = "";
			targets = (
				84C1512627FC063400E66EF2 /* FiltersDemo */,
			);
		};
/* End PBXProject section */

/* Begin PBXResourcesBuildPhase section */
		84C1512527FC063400E66EF2 /* Resources */ = {
			isa = PBXResourcesBuildPhase;
			buildActionMask = 2147483647;
			files = (
				84525CBB27FE0617007F8D02 /* Azaan.mov in Resources */,
				84C1513727FC063500E66EF2 /* LaunchScreen.storyboard in Resources */,
				84C1513427FC063500E66EF2 /* Assets.xcassets in Resources */,
				84C1513227FC063400E66EF2 /* Main.storyboard in Resources */,
			);
			runOnlyForDeploymentPostprocessing = 0;
		};
/* End PBXResourcesBuildPhase section */

/* Begin PBXSourcesBuildPhase section */
		84C1512327FC063400E66EF2 /* Sources */ = {
			isa = PBXSourcesBuildPhase;
			buildActionMask = 2147483647;
			files = (
				84C1512F27FC063400E66EF2 /* ViewController.swift in Sources */,
				84525CB827FDB7C7007F8D02 /* VideoFilterCompositionInstruction.swift in Sources */,
				84525CB727FDB7C7007F8D02 /* VideoFilterExporter.swift in Sources */,
				84C1512B27FC063400E66EF2 /* AppDelegate.swift in Sources */,
				84525CB927FDB7C7007F8D02 /* VideoFilterCompositor.swift in Sources */,
				84C1512D27FC063400E66EF2 /* SceneDelegate.swift in Sources */,
				84C1514127FC286A00E66EF2 /* VideoHelper.swift in Sources */,
			);
			runOnlyForDeploymentPostprocessing = 0;
		};
/* End PBXSourcesBuildPhase section */

/* Begin PBXVariantGroup section */
		84C1513027FC063400E66EF2 /* Main.storyboard */ = {
			isa = PBXVariantGroup;
			children = (
				84C1513127FC063400E66EF2 /* Base */,
			);
			name = Main.storyboard;
			sourceTree = "<group>";
		};
		84C1513527FC063500E66EF2 /* LaunchScreen.storyboard */ = {
			isa = PBXVariantGroup;
			children = (
				84C1513627FC063500E66EF2 /* Base */,
			);
			name = LaunchScreen.storyboard;
			sourceTree = "<group>";
		};
/* End PBXVariantGroup section */

/* Begin XCBuildConfiguration section */
		84C1513927FC063500E66EF2 /* Debug */ = {
			isa = XCBuildConfiguration;
			buildSettings = {
				ALWAYS_SEARCH_USER_PATHS = NO;
				CLANG_ANALYZER_NONNULL = YES;
				CLANG_ANALYZER_NUMBER_OBJECT_CONVERSION = YES_AGGRESSIVE;
				CLANG_CXX_LANGUAGE_STANDARD = "gnu++17";
				CLANG_CXX_LIBRARY = "libc++";
				CLANG_ENABLE_MODULES = YES;
				CLANG_ENABLE_OBJC_ARC = YES;
				CLANG_ENABLE_OBJC_WEAK = YES;
				CLANG_WARN_BLOCK_CAPTURE_AUTORELEASING = YES;
				CLANG_WARN_BOOL_CONVERSION = YES;
				CLANG_WARN_COMMA = YES;
				CLANG_WARN_CONSTANT_CONVERSION = YES;
				CLANG_WARN_DEPRECATED_OBJC_IMPLEMENTATIONS = YES;
				CLANG_WARN_DIRECT_OBJC_ISA_USAGE = YES_ERROR;
				CLANG_WARN_DOCUMENTATION_COMMENTS = YES;
				CLANG_WARN_EMPTY_BODY = YES;
				CLANG_WARN_ENUM_CONVERSION = YES;
				CLANG_WARN_INFINITE_RECURSION = YES;
				CLANG_WARN_INT_CONVERSION = YES;
				CLANG_WARN_NON_LITERAL_NULL_CONVERSION = YES;
				CLANG_WARN_OBJC_IMPLICIT_RETAIN_SELF = YES;
				CLANG_WARN_OBJC_LITERAL_CONVERSION = YES;
				CLANG_WARN_OBJC_ROOT_CLASS = YES_ERROR;
				CLANG_WARN_QUOTED_INCLUDE_IN_FRAMEWORK_HEADER = YES;
				CLANG_WARN_RANGE_LOOP_ANALYSIS = YES;
				CLANG_WARN_STRICT_PROTOTYPES = YES;
				CLANG_WARN_SUSPICIOUS_MOVE = YES;
				CLANG_WARN_UNGUARDED_AVAILABILITY = YES_AGGRESSIVE;
				CLANG_WARN_UNREACHABLE_CODE = YES;
				CLANG_WARN__DUPLICATE_METHOD_MATCH = YES;
				COPY_PHASE_STRIP = NO;
				DEBUG_INFORMATION_FORMAT = dwarf;
				ENABLE_STRICT_OBJC_MSGSEND = YES;
				ENABLE_TESTABILITY = YES;
				GCC_C_LANGUAGE_STANDARD = gnu11;
				GCC_DYNAMIC_NO_PIC = NO;
				GCC_NO_COMMON_BLOCKS = YES;
				GCC_OPTIMIZATION_LEVEL = 0;
				GCC_PREPROCESSOR_DEFINITIONS = (
					"DEBUG=1",
					"$(inherited)",
				);
				GCC_WARN_64_TO_32_BIT_CONVERSION = YES;
				GCC_WARN_ABOUT_RETURN_TYPE = YES_ERROR;
				GCC_WARN_UNDECLARED_SELECTOR = YES;
				GCC_WARN_UNINITIALIZED_AUTOS = YES_AGGRESSIVE;
				GCC_WARN_UNUSED_FUNCTION = YES;
				GCC_WARN_UNUSED_VARIABLE = YES;
				IPHONEOS_DEPLOYMENT_TARGET = 15.2;
				MTL_ENABLE_DEBUG_INFO = INCLUDE_SOURCE;
				MTL_FAST_MATH = YES;
				ONLY_ACTIVE_ARCH = YES;
				SDKROOT = iphoneos;
				SWIFT_ACTIVE_COMPILATION_CONDITIONS = DEBUG;
				SWIFT_OPTIMIZATION_LEVEL = "-Onone";
			};
			name = Debug;
		};
		84C1513A27FC063500E66EF2 /* Release */ = {
			isa = XCBuildConfiguration;
			buildSettings = {
				ALWAYS_SEARCH_USER_PATHS = NO;
				CLANG_ANALYZER_NONNULL = YES;
				CLANG_ANALYZER_NUMBER_OBJECT_CONVERSION = YES_AGGRESSIVE;
				CLANG_CXX_LANGUAGE_STANDARD = "gnu++17";
				CLANG_CXX_LIBRARY = "libc++";
				CLANG_ENABLE_MODULES = YES;
				CLANG_ENABLE_OBJC_ARC = YES;
				CLANG_ENABLE_OBJC_WEAK = YES;
				CLANG_WARN_BLOCK_CAPTURE_AUTORELEASING = YES;
				CLANG_WARN_BOOL_CONVERSION = YES;
				CLANG_WARN_COMMA = YES;
				CLANG_WARN_CONSTANT_CONVERSION = YES;
				CLANG_WARN_DEPRECATED_OBJC_IMPLEMENTATIONS = YES;
				CLANG_WARN_DIRECT_OBJC_ISA_USAGE = YES_ERROR;
				CLANG_WARN_DOCUMENTATION_COMMENTS = YES;
				CLANG_WARN_EMPTY_BODY = YES;
				CLANG_WARN_ENUM_CONVERSION = YES;
				CLANG_WARN_INFINITE_RECURSION = YES;
				CLANG_WARN_INT_CONVERSION = YES;
				CLANG_WARN_NON_LITERAL_NULL_CONVERSION = YES;
				CLANG_WARN_OBJC_IMPLICIT_RETAIN_SELF = YES;
				CLANG_WARN_OBJC_LITERAL_CONVERSION = YES;
				CLANG_WARN_OBJC_ROOT_CLASS = YES_ERROR;
				CLANG_WARN_QUOTED_INCLUDE_IN_FRAMEWORK_HEADER = YES;
				CLANG_WARN_RANGE_LOOP_ANALYSIS = YES;
				CLANG_WARN_STRICT_PROTOTYPES = YES;
				CLANG_WARN_SUSPICIOUS_MOVE = YES;
				CLANG_WARN_UNGUARDED_AVAILABILITY = YES_AGGRESSIVE;
				CLANG_WARN_UNREACHABLE_CODE = YES;
				CLANG_WARN__DUPLICATE_METHOD_MATCH = YES;
				COPY_PHASE_STRIP = NO;
				DEBUG_INFORMATION_FORMAT = "dwarf-with-dsym";
				ENABLE_NS_ASSERTIONS = NO;
				ENABLE_STRICT_OBJC_MSGSEND = YES;
				GCC_C_LANGUAGE_STANDARD = gnu11;
				GCC_NO_COMMON_BLOCKS = YES;
				GCC_WARN_64_TO_32_BIT_CONVERSION = YES;
				GCC_WARN_ABOUT_RETURN_TYPE = YES_ERROR;
				GCC_WARN_UNDECLARED_SELECTOR = YES;
				GCC_WARN_UNINITIALIZED_AUTOS = YES_AGGRESSIVE;
				GCC_WARN_UNUSED_FUNCTION = YES;
				GCC_WARN_UNUSED_VARIABLE = YES;
				IPHONEOS_DEPLOYMENT_TARGET = 15.2;
				MTL_ENABLE_DEBUG_INFO = NO;
				MTL_FAST_MATH = YES;
				SDKROOT = iphoneos;
				SWIFT_COMPILATION_MODE = wholemodule;
				SWIFT_OPTIMIZATION_LEVEL = "-O";
				VALIDATE_PRODUCT = YES;
			};
			name = Release;
		};
		84C1513C27FC063500E66EF2 /* Debug */ = {
			isa = XCBuildConfiguration;
			buildSettings = {
				ASSETCATALOG_COMPILER_APPICON_NAME = AppIcon;
				ASSETCATALOG_COMPILER_GLOBAL_ACCENT_COLOR_NAME = AccentColor;
				CODE_SIGN_IDENTITY = "iPhone Developer";
				CODE_SIGN_STYLE = Manual;
				CURRENT_PROJECT_VERSION = 1;
				DEVELOPMENT_TEAM = 23FC5W285E;
				GENERATE_INFOPLIST_FILE = YES;
				INFOPLIST_FILE = FiltersDemo/Info.plist;
				INFOPLIST_KEY_NSAppleMusicUsageDescription = "App would like to access to your Media Library.";
				INFOPLIST_KEY_NSPhotoLibraryAddUsageDescription = "App would like to save to your Photo Library.";
				INFOPLIST_KEY_NSPhotoLibraryUsageDescription = "Allow app to use library";
				INFOPLIST_KEY_UIApplicationSupportsIndirectInputEvents = YES;
				INFOPLIST_KEY_UILaunchStoryboardName = LaunchScreen;
				INFOPLIST_KEY_UIMainStoryboardFile = Main;
				INFOPLIST_KEY_UISupportedInterfaceOrientations_iPad = "UIInterfaceOrientationPortrait UIInterfaceOrientationPortraitUpsideDown UIInterfaceOrientationLandscapeLeft UIInterfaceOrientationLandscapeRight";
				INFOPLIST_KEY_UISupportedInterfaceOrientations_iPhone = "UIInterfaceOrientationPortrait UIInterfaceOrientationLandscapeLeft UIInterfaceOrientationLandscapeRight";
				LD_RUNPATH_SEARCH_PATHS = (
					"$(inherited)",
					"@executable_path/Frameworks",
				);
				MARKETING_VERSION = 1.0;
				PRODUCT_BUNDLE_IDENTIFIER = com.selflearningcoursecreation.beta;
				PRODUCT_NAME = "$(TARGET_NAME)";
				PROVISIONING_PROFILE_SPECIFIER = "Self Learning And Course Creation Dev";
				SWIFT_EMIT_LOC_STRINGS = YES;
				SWIFT_VERSION = 5.0;
				TARGETED_DEVICE_FAMILY = "1,2";
			};
			name = Debug;
		};
		84C1513D27FC063500E66EF2 /* Release */ = {
			isa = XCBuildConfiguration;
			buildSettings = {
				ASSETCATALOG_COMPILER_APPICON_NAME = AppIcon;
				ASSETCATALOG_COMPILER_GLOBAL_ACCENT_COLOR_NAME = AccentColor;
				CODE_SIGN_IDENTITY = "iPhone Developer";
				CODE_SIGN_STYLE = Manual;
				CURRENT_PROJECT_VERSION = 1;
				DEVELOPMENT_TEAM = 23FC5W285E;
				GENERATE_INFOPLIST_FILE = YES;
				INFOPLIST_FILE = FiltersDemo/Info.plist;
				INFOPLIST_KEY_NSAppleMusicUsageDescription = "App would like to access to your Media Library.";
				INFOPLIST_KEY_NSPhotoLibraryAddUsageDescription = "App would like to save to your Photo Library.";
				INFOPLIST_KEY_NSPhotoLibraryUsageDescription = "Allow app to use library";
				INFOPLIST_KEY_UIApplicationSupportsIndirectInputEvents = YES;
				INFOPLIST_KEY_UILaunchStoryboardName = LaunchScreen;
				INFOPLIST_KEY_UIMainStoryboardFile = Main;
				INFOPLIST_KEY_UISupportedInterfaceOrientations_iPad = "UIInterfaceOrientationPortrait UIInterfaceOrientationPortraitUpsideDown UIInterfaceOrientationLandscapeLeft UIInterfaceOrientationLandscapeRight";
				INFOPLIST_KEY_UISupportedInterfaceOrientations_iPhone = "UIInterfaceOrientationPortrait UIInterfaceOrientationLandscapeLeft UIInterfaceOrientationLandscapeRight";
				LD_RUNPATH_SEARCH_PATHS = (
					"$(inherited)",
					"@executable_path/Frameworks",
				);
				MARKETING_VERSION = 1.0;
				PRODUCT_BUNDLE_IDENTIFIER = com.selflearningcoursecreation.beta;
				PRODUCT_NAME = "$(TARGET_NAME)";
				PROVISIONING_PROFILE_SPECIFIER = "Self Learning And Course Creation Dev";
				SWIFT_EMIT_LOC_STRINGS = YES;
				SWIFT_VERSION = 5.0;
				TARGETED_DEVICE_FAMILY = "1,2";
			};
			name = Release;
		};
/* End XCBuildConfiguration section */

/* Begin XCConfigurationList section */
		84C1512227FC063400E66EF2 /* Build configuration list for PBXProject "FiltersDemo" */ = {
			isa = XCConfigurationList;
			buildConfigurations = (
				84C1513927FC063500E66EF2 /* Debug */,
				84C1513A27FC063500E66EF2 /* Release */,
			);
			defaultConfigurationIsVisible = 0;
			defaultConfigurationName = Release;
		};
		84C1513B27FC063500E66EF2 /* Build configuration list for PBXNativeTarget "FiltersDemo" */ = {
			isa = XCConfigurationList;
			buildConfigurations = (
				84C1513C27FC063500E66EF2 /* Debug */,
				84C1513D27FC063500E66EF2 /* Release */,
			);
			defaultConfigurationIsVisible = 0;
			defaultConfigurationName = Release;
		};
/* End XCConfigurationList section */
	};
	rootObject = 84C1511F27FC063400E66EF2 /* Project object */;
}
